
Microsoft Visual Studio Solution File, Format Version 12.00
# Visual Studio Version 17
VisualStudioVersion = 17.6.33801.468
MinimumVisualStudioVersion = 10.0.40219.1
Project("{FAE04EC0-301F-11D3-BF4B-00C04F79EFBC}") = "MB.Domain", "MB.Domain\MB.Domain.csproj", "{5E8ACF67-3237-488D-A439-C9261ABB42EA}"
EndProject
Project("{FAE04EC0-301F-11D3-BF4B-00C04F79EFBC}") = "MB.Application", "MB.Application\MB.Application.csproj", "{37ECF514-013C-45BA-823A-A15754665830}"
EndProject
Project("{FAE04EC0-301F-11D3-BF4B-00C04F79EFBC}") = "MB.ApplicationContract", "MB.ApplicationContract\MB.ApplicationContract.csproj", "{9000D910-0226-4AED-9700-1B82D05650C6}"
EndProject
Project("{FAE04EC0-301F-11D3-BF4B-00C04F79EFBC}") = "MB.InfrastructureEfCore", "MB.InfrastructureEfCore\MB.InfrastructureEfCore.csproj", "{B9AB5D8E-646C-4C6C-B965-D4F5B27BD3AA}"
EndProject
Project("{FAE04EC0-301F-11D3-BF4B-00C04F79EFBC}") = "MB.Presentation.MVCCore", "MB.Presentation.MVCCore\MB.Presentation.MVCCore.csproj", "{A4294E82-8078-475B-B5B0-C81902594404}"
EndProject
Global
	GlobalSection(SolutionConfigurationPlatforms) = preSolution
		Debug|Any CPU = Debug|Any CPU
		Release|Any CPU = Release|Any CPU
	EndGlobalSection
	GlobalSection(ProjectConfigurationPlatforms) = postSolution
		{5E8ACF67-3237-488D-A439-C9261ABB42EA}.Debug|Any CPU.ActiveCfg = Debug|Any CPU
		{5E8ACF67-3237-488D-A439-C9261ABB42EA}.Debug|Any CPU.Build.0 = Debug|Any CPU
		{5E8ACF67-3237-488D-A439-C9261ABB42EA}.Release|Any CPU.ActiveCfg = Release|Any CPU
		{5E8ACF67-3237-488D-A439-C9261ABB42EA}.Release|Any CPU.Build.0 = Release|Any CPU
		{37ECF514-013C-45BA-823A-A15754665830}.Debug|Any CPU.ActiveCfg = Debug|Any CPU
		{37ECF514-013C-45BA-823A-A15754665830}.Debug|Any CPU.Build.0 = Debug|Any CPU
		{37ECF514-013C-45BA-823A-A15754665830}.Release|Any CPU.ActiveCfg = Release|Any CPU
		{37ECF514-013C-45BA-823A-A15754665830}.Release|Any CPU.Build.0 = Release|Any CPU
		{9000D910-0226-4AED-9700-1B82D05650C6}.Debug|Any CPU.ActiveCfg = Debug|Any CPU
		{9000D910-0226-4AED-9700-1B82D05650C6}.Debug|Any CPU.Build.0 = Debug|Any CPU
		{9000D910-0226-4AED-9700-1B82D05650C6}.Release|Any CPU.ActiveCfg = Release|Any CPU
		{9000D910-0226-4AED-9700-1B82D05650C6}.Release|Any CPU.Build.0 = Release|Any CPU
		{B9AB5D8E-646C-4C6C-B965-D4F5B27BD3AA}.Debug|Any CPU.ActiveCfg = Debug|Any CPU
		{B9AB5D8E-646C-4C6C-B965-D4F5B27BD3AA}.Debug|Any CPU.Build.0 = Debug|Any CPU
		{B9AB5D8E-646C-4C6C-B965-D4F5B27BD3AA}.Release|Any CPU.ActiveCfg = Release|Any CPU
		{B9AB5D8E-646C-4C6C-B965-D4F5B27BD3AA}.Release|Any CPU.Build.0 = Release|Any CPU
		{A4294E82-8078-475B-B5B0-C81902594404}.Debug|Any CPU.ActiveCfg = Debug|Any CPU
		{A4294E82-8078-475B-B5B0-C81902594404}.Debug|Any CPU.Build.0 = Debug|Any CPU
		{A4294E82-8078-475B-B5B0-C81902594404}.Release|Any CPU.ActiveCfg = Release|Any CPU
		{A4294E82-8078-475B-B5B0-C81902594404}.Release|Any CPU.Build.0 = Release|Any CPU
	EndGlobalSection
	GlobalSection(SolutionProperties) = preSolution
		HideSolutionNode = FALSE
	EndGlobalSection
	GlobalSection(ExtensibilityGlobals) = postSolution
		SolutionGuid = {DC99F046-3CFE-479D-B59A-10A63BDCA1FC}
	EndGlobalSection
EndGlobal
